
Microsoft Visual Studio Solution File, Format Version 12.00
# Visual Studio 15
VisualStudioVersion = 15.0.28010.2046
MinimumVisualStudioVersion = 10.0.40219.1
Project("{FAE04EC0-301F-11D3-BF4B-00C04F79EFBC}") = "uSight_Web", "uSight_Web\uSight_Web.csproj", "{C1BE112A-F927-4E1E-ACBF-3B3C62E3134C}"
EndProject
Global
	GlobalSection(SolutionConfigurationPlatforms) = preSolution
		Debug|Any CPU = Debug|Any CPU
		Release|Any CPU = Release|Any CPU
	EndGlobalSection
	GlobalSection(ProjectConfigurationPlatforms) = postSolution
		{C1BE112A-F927-4E1E-ACBF-3B3C62E3134C}.Debug|Any CPU.ActiveCfg = Debug|Any CPU
		{C1BE112A-F927-4E1E-ACBF-3B3C62E3134C}.Debug|Any CPU.Build.0 = Debug|Any CPU
		{C1BE112A-F927-4E1E-ACBF-3B3C62E3134C}.Release|Any CPU.ActiveCfg = Release|Any CPU
		{C1BE112A-F927-4E1E-ACBF-3B3C62E3134C}.Release|Any CPU.Build.0 = Release|Any CPU
	EndGlobalSection
	GlobalSection(SolutionProperties) = preSolution
		HideSolutionNode = FALSE
	EndGlobalSection
	GlobalSection(ExtensibilityGlobals) = postSolution
		SolutionGuid = {F29D4D4A-7F9B-49CE-B0B6-55C5104BBD7D}
	EndGlobalSection
EndGlobal
